PODS:
  - Realm (10.7.1):
    - Realm/Headers (= 10.7.1)
  - Realm/Headers (10.7.1)
  - RealmSwift (10.7.1):
    - Realm (= 10.7.1)

DEPENDENCIES:
  - RealmSwift (= 10.7.1)

SPEC REPOS:
  trunk:
    - Realm
    - RealmSwift

SPEC CHECKSUMS:
  Realm: 55bae3a2f42186360b54fd8783e884ae8656ab05
  RealmSwift: 0d9bb38ad2cb953fc61d6827be5611972a75ca31

PODFILE CHECKSUM: e63a5c61e2530b5d00fb810c1d3460aa8f3ffce4

COCOAPODS: 1.11.2
