// !$*UTF8*$!
{
	archiveVersion = 1;
	classes = {
	};
	objectVersion = 50;
	objects = {

/* Begin PBXBuildFile section */
		CE20A69B2590DC0C00F47DC8 /* AppDelegate.swift in Sources */ = {isa = PBXBuildFile; fileRef = CE20A69A2590DC0C00F47DC8 /* AppDelegate.swift */; };
		CE20A69D2590DC0C00F47DC8 /* SceneDelegate.swift in Sources */ = {isa = PBXBuildFile; fileRef = CE20A69C2590DC0C00F47DC8 /* SceneDelegate.swift */; };
		CE20A69F2590DC0C00F47DC8 /* ViewController.swift in Sources */ = {isa = PBXBuildFile; fileRef = CE20A69E2590DC0C00F47DC8 /* ViewController.swift */; };
		CE20A6A22590DC0C00F47DC8 /* Main_old.storyboard in Resources */ = {isa = PBXBuildFile; fileRef = CE20A6A02590DC0C00F47DC8 /* Main_old.storyboard */; };
		CE20A6A42590DC0F00F47DC8 /* Assets.xcassets in Resources */ = {isa = PBXBuildFile; fileRef = CE20A6A32590DC0F00F47DC8 /* Assets.xcassets */; };
		CE20A6A72590DC0F00F47DC8 /* LaunchScreen.storyboard in Resources */ = {isa = PBXBuildFile; fileRef = CE20A6A52590DC0F00F47DC8 /* LaunchScreen.storyboard */; };
		CE3343E325CAC91200D1954E /* PlayViewController.swift in Sources */ = {isa = PBXBuildFile; fileRef = CE3343E225CAC91200D1954E /* PlayViewController.swift */; };
		CEDCC5F025D76F2F008D8044 /* Stage.storyboard in Resources */ = {isa = PBXBuildFile; fileRef = CEDCC5EF25D76F2F008D8044 /* Stage.storyboard */; };
		CEDCC62E25D8121C008D8044 /* StageTableViewController.swift in Sources */ = {isa = PBXBuildFile; fileRef = CEDCC62D25D8121C008D8044 /* StageTableViewController.swift */; };
		CEDCC63325D812BF008D8044 /* StageTableViewCell.swift in Sources */ = {isa = PBXBuildFile; fileRef = CEDCC63225D812BF008D8044 /* StageTableViewCell.swift */; };
		CEEBB83525CACDEE00CFFAF4 /* Play.storyboard in Resources */ = {isa = PBXBuildFile; fileRef = CEEBB83425CACDEE00CFFAF4 /* Play.storyboard */; };
		CEEBB83925CAF1D500CFFAF4 /* TileCollectionViewCell.swift in Sources */ = {isa = PBXBuildFile; fileRef = CEEBB83825CAF1D500CFFAF4 /* TileCollectionViewCell.swift */; };
		CEEBB84725D3A95500CFFAF4 /* stage.swift in Sources */ = {isa = PBXBuildFile; fileRef = CEEBB84625D3A95500CFFAF4 /* stage.swift */; };
		CEEBB84A25D4040400CFFAF4 /* stageManager.swift in Sources */ = {isa = PBXBuildFile; fileRef = CEEBB84925D4040400CFFAF4 /* stageManager.swift */; };
		CEF1E23325978F8700C10A91 /* Initializer.swift in Sources */ = {isa = PBXBuildFile; fileRef = CEF1E23225978F8700C10A91 /* Initializer.swift */; };
/* End PBXBuildFile section */

/* Begin PBXFileReference section */
		CE20A6972590DC0C00F47DC8 /* GyeolHap.app */ = {isa = PBXFileReference; explicitFileType = wrapper.application; includeInIndex = 0; path = GyeolHap.app; sourceTree = BUILT_PRODUCTS_DIR; };
		CE20A69A2590DC0C00F47DC8 /* AppDelegate.swift */ = {isa = PBXFileReference; lastKnownFileType = sourcecode.swift; path = AppDelegate.swift; sourceTree = "<group>"; };
		CE20A69C2590DC0C00F47DC8 /* SceneDelegate.swift */ = {isa = PBXFileReference; lastKnownFileType = sourcecode.swift; path = SceneDelegate.swift; sourceTree = "<group>"; };
		CE20A69E2590DC0C00F47DC8 /* ViewController.swift */ = {isa = PBXFileReference; lastKnownFileType = sourcecode.swift; path = ViewController.swift; sourceTree = "<group>"; };
		CE20A6A12590DC0C00F47DC8 /* Base */ = {isa = PBXFileReference; lastKnownFileType = file.storyboard; name = Base; path = Base.lproj/Main_old.storyboard; sourceTree = "<group>"; };
		CE20A6A32590DC0F00F47DC8 /* Assets.xcassets */ = {isa = PBXFileReference; lastKnownFileType = folder.assetcatalog; path = Assets.xcassets; sourceTree = "<group>"; };
		CE20A6A62590DC0F00F47DC8 /* Base */ = {isa = PBXFileReference; lastKnownFileType = file.storyboard; name = Base; path = Base.lproj/LaunchScreen.storyboard; sourceTree = "<group>"; };
		CE20A6A82590DC0F00F47DC8 /* Info.plist */ = {isa = PBXFileReference; lastKnownFileType = text.plist.xml; path = Info.plist; sourceTree = "<group>"; };
		CE3343E225CAC91200D1954E /* PlayViewController.swift */ = {isa = PBXFileReference; lastKnownFileType = sourcecode.swift; path = PlayViewController.swift; sourceTree = "<group>"; };
		CEDCC5EF25D76F2F008D8044 /* Stage.storyboard */ = {isa = PBXFileReference; lastKnownFileType = file.storyboard; path = Stage.storyboard; sourceTree = "<group>"; };
		CEDCC62D25D8121C008D8044 /* StageTableViewController.swift */ = {isa = PBXFileReference; lastKnownFileType = sourcecode.swift; path = StageTableViewController.swift; sourceTree = "<group>"; };
		CEDCC63225D812BF008D8044 /* StageTableViewCell.swift */ = {isa = PBXFileReference; lastKnownFileType = sourcecode.swift; path = StageTableViewCell.swift; sourceTree = "<group>"; };
		CEEBB83425CACDEE00CFFAF4 /* Play.storyboard */ = {isa = PBXFileReference; lastKnownFileType = file.storyboard; path = Play.storyboard; sourceTree = "<group>"; };
		CEEBB83825CAF1D500CFFAF4 /* TileCollectionViewCell.swift */ = {isa = PBXFileReference; lastKnownFileType = sourcecode.swift; path = TileCollectionViewCell.swift; sourceTree = "<group>"; };
		CEEBB84625D3A95500CFFAF4 /* stage.swift */ = {isa = PBXFileReference; lastKnownFileType = sourcecode.swift; path = stage.swift; sourceTree = "<group>"; };
		CEEBB84925D4040400CFFAF4 /* stageManager.swift */ = {isa = PBXFileReference; lastKnownFileType = sourcecode.swift; path = stageManager.swift; sourceTree = "<group>"; };
		CEF1E23225978F8700C10A91 /* Initializer.swift */ = {isa = PBXFileReference; lastKnownFileType = sourcecode.swift; path = Initializer.swift; sourceTree = "<group>"; };
/* End PBXFileReference section */

/* Begin PBXFrameworksBuildPhase section */
		CE20A6942590DC0C00F47DC8 /* Frameworks */ = {
			isa = PBXFrameworksBuildPhase;
			buildActionMask = 2147483647;
			files = (
			);
			runOnlyForDeploymentPostprocessing = 0;
		};
/* End PBXFrameworksBuildPhase section */

/* Begin PBXGroup section */
		CE20A68E2590DC0C00F47DC8 = {
			isa = PBXGroup;
			children = (
				CE20A6992590DC0C00F47DC8 /* GyoelHap */,
				CE20A6982590DC0C00F47DC8 /* Products */,
			);
			sourceTree = "<group>";
		};
		CE20A6982590DC0C00F47DC8 /* Products */ = {
			isa = PBXGroup;
			children = (
				CE20A6972590DC0C00F47DC8 /* GyeolHap.app */,
			);
			name = Products;
			sourceTree = "<group>";
		};
		CE20A6992590DC0C00F47DC8 /* GyoelHap */ = {
			isa = PBXGroup;
			children = (
				CEDCC5F325D772E6008D8044 /* StageScreen */,
				CEEBB84425D3A55F00CFFAF4 /* GameScreen */,
				CEEBB84325D3A55600CFFAF4 /* Stage */,
				CE3343DA25CAC45200D1954E /* GamePlay_old */,
				CE20A69A2590DC0C00F47DC8 /* AppDelegate.swift */,
				CE20A69C2590DC0C00F47DC8 /* SceneDelegate.swift */,
				CE20A6A32590DC0F00F47DC8 /* Assets.xcassets */,
				CE20A6A52590DC0F00F47DC8 /* LaunchScreen.storyboard */,
				CE20A6A82590DC0F00F47DC8 /* Info.plist */,
			);
			path = GyoelHap;
			sourceTree = "<group>";
		};
		CE3343DA25CAC45200D1954E /* GamePlay_old */ = {
			isa = PBXGroup;
			children = (
				CEF1E23225978F8700C10A91 /* Initializer.swift */,
				CE20A69E2590DC0C00F47DC8 /* ViewController.swift */,
				CE20A6A02590DC0C00F47DC8 /* Main_old.storyboard */,
			);
			path = GamePlay_old;
			sourceTree = "<group>";
		};
		CEDCC5F325D772E6008D8044 /* StageScreen */ = {
			isa = PBXGroup;
			children = (
				CEDCC62D25D8121C008D8044 /* StageTableViewController.swift */,
				CEDCC63225D812BF008D8044 /* StageTableViewCell.swift */,
				CEDCC5EF25D76F2F008D8044 /* Stage.storyboard */,
			);
			path = StageScreen;
			sourceTree = "<group>";
		};
		CEEBB84325D3A55600CFFAF4 /* Stage */ = {
			isa = PBXGroup;
			children = (
				CEEBB84925D4040400CFFAF4 /* stageManager.swift */,
				CEEBB84625D3A95500CFFAF4 /* stage.swift */,
			);
			path = Stage;
			sourceTree = "<group>";
		};
		CEEBB84425D3A55F00CFFAF4 /* GameScreen */ = {
			isa = PBXGroup;
			children = (
				CE3343E225CAC91200D1954E /* PlayViewController.swift */,
				CEEBB83825CAF1D500CFFAF4 /* TileCollectionViewCell.swift */,
				CEEBB83425CACDEE00CFFAF4 /* Play.storyboard */,
			);
			path = GameScreen;
			sourceTree = "<group>";
		};
/* End PBXGroup section */

/* Begin PBXNativeTarget section */
		CE20A6962590DC0C00F47DC8 /* GyeolHap */ = {
			isa = PBXNativeTarget;
			buildConfigurationList = CE20A6AB2590DC0F00F47DC8 /* Build configuration list for PBXNativeTarget "GyeolHap" */;
			buildPhases = (
				CE20A6932590DC0C00F47DC8 /* Sources */,
				CE20A6942590DC0C00F47DC8 /* Frameworks */,
				CE20A6952590DC0C00F47DC8 /* Resources */,
			);
			buildRules = (
			);
			dependencies = (
			);
			name = GyeolHap;
			productName = GyoelHap;
			productReference = CE20A6972590DC0C00F47DC8 /* GyeolHap.app */;
			productType = "com.apple.product-type.application";
		};
/* End PBXNativeTarget section */

/* Begin PBXProject section */
		CE20A68F2590DC0C00F47DC8 /* Project object */ = {
			isa = PBXProject;
			attributes = {
				LastSwiftUpdateCheck = 1220;
				LastUpgradeCheck = 1220;
				TargetAttributes = {
					CE20A6962590DC0C00F47DC8 = {
						CreatedOnToolsVersion = 12.2;
					};
				};
			};
			buildConfigurationList = CE20A6922590DC0C00F47DC8 /* Build configuration list for PBXProject "GyoelHap" */;
			compatibilityVersion = "Xcode 9.3";
			developmentRegion = en;
			hasScannedForEncodings = 0;
			knownRegions = (
				en,
				Base,
			);
			mainGroup = CE20A68E2590DC0C00F47DC8;
			productRefGroup = CE20A6982590DC0C00F47DC8 /* Products */;
			projectDirPath = "";
			projectRoot = "";
			targets = (
				CE20A6962590DC0C00F47DC8 /* GyeolHap */,
			);
		};
/* End PBXProject section */

/* Begin PBXResourcesBuildPhase section */
		CE20A6952590DC0C00F47DC8 /* Resources */ = {
			isa = PBXResourcesBuildPhase;
			buildActionMask = 2147483647;
			files = (
				CEEBB83525CACDEE00CFFAF4 /* Play.storyboard in Resources */,
				CE20A6A72590DC0F00F47DC8 /* LaunchScreen.storyboard in Resources */,
				CEDCC5F025D76F2F008D8044 /* Stage.storyboard in Resources */,
				CE20A6A42590DC0F00F47DC8 /* Assets.xcassets in Resources */,
				CE20A6A22590DC0C00F47DC8 /* Main_old.storyboard in Resources */,
			);
			runOnlyForDeploymentPostprocessing = 0;
		};
/* End PBXResourcesBuildPhase section */

/* Begin PBXSourcesBuildPhase section */
		CE20A6932590DC0C00F47DC8 /* Sources */ = {
			isa = PBXSourcesBuildPhase;
			buildActionMask = 2147483647;
			files = (
				CEEBB83925CAF1D500CFFAF4 /* TileCollectionViewCell.swift in Sources */,
				CEEBB84725D3A95500CFFAF4 /* stage.swift in Sources */,
				CEF1E23325978F8700C10A91 /* Initializer.swift in Sources */,
				CEDCC62E25D8121C008D8044 /* StageTableViewController.swift in Sources */,
				CE3343E325CAC91200D1954E /* PlayViewController.swift in Sources */,
				CEEBB84A25D4040400CFFAF4 /* stageManager.swift in Sources */,
				CE20A69F2590DC0C00F47DC8 /* ViewController.swift in Sources */,
				CE20A69B2590DC0C00F47DC8 /* AppDelegate.swift in Sources */,
				CEDCC63325D812BF008D8044 /* StageTableViewCell.swift in Sources */,
				CE20A69D2590DC0C00F47DC8 /* SceneDelegate.swift in Sources */,
			);
			runOnlyForDeploymentPostprocessing = 0;
		};
/* End PBXSourcesBuildPhase section */

/* Begin PBXVariantGroup section */
		CE20A6A02590DC0C00F47DC8 /* Main_old.storyboard */ = {
			isa = PBXVariantGroup;
			children = (
				CE20A6A12590DC0C00F47DC8 /* Base */,
			);
			name = Main_old.storyboard;
			sourceTree = "<group>";
		};
		CE20A6A52590DC0F00F47DC8 /* LaunchScreen.storyboard */ = {
			isa = PBXVariantGroup;
			children = (
				CE20A6A62590DC0F00F47DC8 /* Base */,
			);
			name = LaunchScreen.storyboard;
			sourceTree = "<group>";
		};
/* End PBXVariantGroup section */

/* Begin XCBuildConfiguration section */
		CE20A6A92590DC0F00F47DC8 /* Debug */ = {
			isa = XCBuildConfiguration;
			buildSettings = {
				ALWAYS_SEARCH_USER_PATHS = NO;
				CLANG_ANALYZER_NONNULL = YES;
				CLANG_ANALYZER_NUMBER_OBJECT_CONVERSION = YES_AGGRESSIVE;
				CLANG_CXX_LANGUAGE_STANDARD = "gnu++14";
				CLANG_CXX_LIBRARY = "libc++";
				CLANG_ENABLE_MODULES = YES;
				CLANG_ENABLE_OBJC_ARC = YES;
				CLANG_ENABLE_OBJC_WEAK = YES;
				CLANG_WARN_BLOCK_CAPTURE_AUTORELEASING = YES;
				CLANG_WARN_BOOL_CONVERSION = YES;
				CLANG_WARN_COMMA = YES;
				CLANG_WARN_CONSTANT_CONVERSION = YES;
				CLANG_WARN_DEPRECATED_OBJC_IMPLEMENTATIONS = YES;
				CLANG_WARN_DIRECT_OBJC_ISA_USAGE = YES_ERROR;
				CLANG_WARN_DOCUMENTATION_COMMENTS = YES;
				CLANG_WARN_EMPTY_BODY = YES;
				CLANG_WARN_ENUM_CONVERSION = YES;
				CLANG_WARN_INFINITE_RECURSION = YES;
				CLANG_WARN_INT_CONVERSION = YES;
				CLANG_WARN_NON_LITERAL_NULL_CONVERSION = YES;
				CLANG_WARN_OBJC_IMPLICIT_RETAIN_SELF = YES;
				CLANG_WARN_OBJC_LITERAL_CONVERSION = YES;
				CLANG_WARN_OBJC_ROOT_CLASS = YES_ERROR;
				CLANG_WARN_QUOTED_INCLUDE_IN_FRAMEWORK_HEADER = YES;
				CLANG_WARN_RANGE_LOOP_ANALYSIS = YES;
				CLANG_WARN_STRICT_PROTOTYPES = YES;
				CLANG_WARN_SUSPICIOUS_MOVE = YES;
				CLANG_WARN_UNGUARDED_AVAILABILITY = YES_AGGRESSIVE;
				CLANG_WARN_UNREACHABLE_CODE = YES;
				CLANG_WARN__DUPLICATE_METHOD_MATCH = YES;
				COPY_PHASE_STRIP = NO;
				DEBUG_INFORMATION_FORMAT = dwarf;
				ENABLE_STRICT_OBJC_MSGSEND = YES;
				ENABLE_TESTABILITY = YES;
				GCC_C_LANGUAGE_STANDARD = gnu11;
				GCC_DYNAMIC_NO_PIC = NO;
				GCC_NO_COMMON_BLOCKS = YES;
				GCC_OPTIMIZATION_LEVEL = 0;
				GCC_PREPROCESSOR_DEFINITIONS = (
					"DEBUG=1",
					"$(inherited)",
				);
				GCC_WARN_64_TO_32_BIT_CONVERSION = YES;
				GCC_WARN_ABOUT_RETURN_TYPE = YES_ERROR;
				GCC_WARN_UNDECLARED_SELECTOR = YES;
				GCC_WARN_UNINITIALIZED_AUTOS = YES_AGGRESSIVE;
				GCC_WARN_UNUSED_FUNCTION = YES;
				GCC_WARN_UNUSED_VARIABLE = YES;
				IPHONEOS_DEPLOYMENT_TARGET = 14.2;
				MTL_ENABLE_DEBUG_INFO = INCLUDE_SOURCE;
				MTL_FAST_MATH = YES;
				ONLY_ACTIVE_ARCH = YES;
				SDKROOT = iphoneos;
				SWIFT_ACTIVE_COMPILATION_CONDITIONS = DEBUG;
				SWIFT_OPTIMIZATION_LEVEL = "-Onone";
			};
			name = Debug;
		};
		CE20A6AA2590DC0F00F47DC8 /* Release */ = {
			isa = XCBuildConfiguration;
			buildSettings = {
				ALWAYS_SEARCH_USER_PATHS = NO;
				CLANG_ANALYZER_NONNULL = YES;
				CLANG_ANALYZER_NUMBER_OBJECT_CONVERSION = YES_AGGRESSIVE;
				CLANG_CXX_LANGUAGE_STANDARD = "gnu++14";
				CLANG_CXX_LIBRARY = "libc++";
				CLANG_ENABLE_MODULES = YES;
				CLANG_ENABLE_OBJC_ARC = YES;
				CLANG_ENABLE_OBJC_WEAK = YES;
				CLANG_WARN_BLOCK_CAPTURE_AUTORELEASING = YES;
				CLANG_WARN_BOOL_CONVERSION = YES;
				CLANG_WARN_COMMA = YES;
				CLANG_WARN_CONSTANT_CONVERSION = YES;
				CLANG_WARN_DEPRECATED_OBJC_IMPLEMENTATIONS = YES;
				CLANG_WARN_DIRECT_OBJC_ISA_USAGE = YES_ERROR;
				CLANG_WARN_DOCUMENTATION_COMMENTS = YES;
				CLANG_WARN_EMPTY_BODY = YES;
				CLANG_WARN_ENUM_CONVERSION = YES;
				CLANG_WARN_INFINITE_RECURSION = YES;
				CLANG_WARN_INT_CONVERSION = YES;
				CLANG_WARN_NON_LITERAL_NULL_CONVERSION = YES;
				CLANG_WARN_OBJC_IMPLICIT_RETAIN_SELF = YES;
				CLANG_WARN_OBJC_LITERAL_CONVERSION = YES;
				CLANG_WARN_OBJC_ROOT_CLASS = YES_ERROR;
				CLANG_WARN_QUOTED_INCLUDE_IN_FRAMEWORK_HEADER = YES;
				CLANG_WARN_RANGE_LOOP_ANALYSIS = YES;
				CLANG_WARN_STRICT_PROTOTYPES = YES;
				CLANG_WARN_SUSPICIOUS_MOVE = YES;
				CLANG_WARN_UNGUARDED_AVAILABILITY = YES_AGGRESSIVE;
				CLANG_WARN_UNREACHABLE_CODE = YES;
				CLANG_WARN__DUPLICATE_METHOD_MATCH = YES;
				COPY_PHASE_STRIP = NO;
				DEBUG_INFORMATION_FORMAT = "dwarf-with-dsym";
				ENABLE_NS_ASSERTIONS = NO;
				ENABLE_STRICT_OBJC_MSGSEND = YES;
				GCC_C_LANGUAGE_STANDARD = gnu11;
				GCC_NO_COMMON_BLOCKS = YES;
				GCC_WARN_64_TO_32_BIT_CONVERSION = YES;
				GCC_WARN_ABOUT_RETURN_TYPE = YES_ERROR;
				GCC_WARN_UNDECLARED_SELECTOR = YES;
				GCC_WARN_UNINITIALIZED_AUTOS = YES_AGGRESSIVE;
				GCC_WARN_UNUSED_FUNCTION = YES;
				GCC_WARN_UNUSED_VARIABLE = YES;
				IPHONEOS_DEPLOYMENT_TARGET = 14.2;
				MTL_ENABLE_DEBUG_INFO = NO;
				MTL_FAST_MATH = YES;
				SDKROOT = iphoneos;
				SWIFT_COMPILATION_MODE = wholemodule;
				SWIFT_OPTIMIZATION_LEVEL = "-O";
				VALIDATE_PRODUCT = YES;
			};
			name = Release;
		};
		CE20A6AC2590DC0F00F47DC8 /* Debug */ = {
			isa = XCBuildConfiguration;
			buildSettings = {
				ASSETCATALOG_COMPILER_APPICON_NAME = AppIcon;
				ASSETCATALOG_COMPILER_GLOBAL_ACCENT_COLOR_NAME = AccentColor;
				CODE_SIGN_STYLE = Automatic;
				DEVELOPMENT_TEAM = 5D5SG6DZA9;
				INFOPLIST_FILE = GyoelHap/Info.plist;
				LD_RUNPATH_SEARCH_PATHS = (
					"$(inherited)",
					"@executable_path/Frameworks",
				);
				PRODUCT_BUNDLE_IDENTIFIER = com.taelee.GyeolHap;
				PRODUCT_NAME = "$(TARGET_NAME)";
				SWIFT_VERSION = 5.0;
				TARGETED_DEVICE_FAMILY = "1,2";
			};
			name = Debug;
		};
		CE20A6AD2590DC0F00F47DC8 /* Release */ = {
			isa = XCBuildConfiguration;
			buildSettings = {
				ASSETCATALOG_COMPILER_APPICON_NAME = AppIcon;
				ASSETCATALOG_COMPILER_GLOBAL_ACCENT_COLOR_NAME = AccentColor;
				CODE_SIGN_STYLE = Automatic;
				DEVELOPMENT_TEAM = 5D5SG6DZA9;
				INFOPLIST_FILE = GyoelHap/Info.plist;
				LD_RUNPATH_SEARCH_PATHS = (
					"$(inherited)",
					"@executable_path/Frameworks",
				);
				PRODUCT_BUNDLE_IDENTIFIER = com.taelee.GyeolHap;
				PRODUCT_NAME = "$(TARGET_NAME)";
				SWIFT_VERSION = 5.0;
				TARGETED_DEVICE_FAMILY = "1,2";
			};
			name = Release;
		};
/* End XCBuildConfiguration section */

/* Begin XCConfigurationList section */
		CE20A6922590DC0C00F47DC8 /* Build configuration list for PBXProject "GyoelHap" */ = {
			isa = XCConfigurationList;
			buildConfigurations = (
				CE20A6A92590DC0F00F47DC8 /* Debug */,
				CE20A6AA2590DC0F00F47DC8 /* Release */,
			);
			defaultConfigurationIsVisible = 0;
			defaultConfigurationName = Release;
		};
		CE20A6AB2590DC0F00F47DC8 /* Build configuration list for PBXNativeTarget "GyeolHap" */ = {
			isa = XCConfigurationList;
			buildConfigurations = (
				CE20A6AC2590DC0F00F47DC8 /* Debug */,
				CE20A6AD2590DC0F00F47DC8 /* Release */,
			);
			defaultConfigurationIsVisible = 0;
			defaultConfigurationName = Release;
		};
/* End XCConfigurationList section */
	};
	rootObject = CE20A68F2590DC0C00F47DC8 /* Project object */;
}
