// !$*UTF8*$!
{
	archiveVersion = 1;
	classes = {
	};
	objectVersion = 52;
	objects = {

/* Begin PBXBuildFile section */
		147035A58C0559E600A4B3B7 /* Pods_GyeolHap.framework in Frameworks */ = {isa = PBXBuildFile; fileRef = E7196D71813608852F438CB3 /* Pods_GyeolHap.framework */; };
		4E6F68F726007C670085FC49 /* GmarketSansLight.otf in Resources */ = {isa = PBXBuildFile; fileRef = 4E6F68F426007C670085FC49 /* GmarketSansLight.otf */; };
		4E6F68F826007C670085FC49 /* GmarketSansBold.otf in Resources */ = {isa = PBXBuildFile; fileRef = 4E6F68F526007C670085FC49 /* GmarketSansBold.otf */; };
		4E6F68F926007C670085FC49 /* GmarketSansMedium.otf in Resources */ = {isa = PBXBuildFile; fileRef = 4E6F68F626007C670085FC49 /* GmarketSansMedium.otf */; };
		4EC2E38E25FCB79D00AFCF85 /* HowToViewController.swift in Sources */ = {isa = PBXBuildFile; fileRef = 4EC2E38D25FCB79D00AFCF85 /* HowToViewController.swift */; };
		4EC2E39125FCB7A800AFCF85 /* HowTo.storyboard in Resources */ = {isa = PBXBuildFile; fileRef = 4EC2E39025FCB7A800AFCF85 /* HowTo.storyboard */; };
		CE16E3B325E52FB600EE07DC /* AnswerCell.swift in Sources */ = {isa = PBXBuildFile; fileRef = CE16E3B225E52FB600EE07DC /* AnswerCell.swift */; };
		CE20A69B2590DC0C00F47DC8 /* AppDelegate.swift in Sources */ = {isa = PBXBuildFile; fileRef = CE20A69A2590DC0C00F47DC8 /* AppDelegate.swift */; };
		CE20A69D2590DC0C00F47DC8 /* SceneDelegate.swift in Sources */ = {isa = PBXBuildFile; fileRef = CE20A69C2590DC0C00F47DC8 /* SceneDelegate.swift */; };
		CE20A6A42590DC0F00F47DC8 /* Assets.xcassets in Resources */ = {isa = PBXBuildFile; fileRef = CE20A6A32590DC0F00F47DC8 /* Assets.xcassets */; };
		CE20A6A72590DC0F00F47DC8 /* LaunchScreen.storyboard in Resources */ = {isa = PBXBuildFile; fileRef = CE20A6A52590DC0F00F47DC8 /* LaunchScreen.storyboard */; };
		CE3343E325CAC91200D1954E /* GameViewController.swift in Sources */ = {isa = PBXBuildFile; fileRef = CE3343E225CAC91200D1954E /* GameViewController.swift */; };
		CE34260725DA8DB700E2A62B /* GameManager.swift in Sources */ = {isa = PBXBuildFile; fileRef = CE34260625DA8DB700E2A62B /* GameManager.swift */; };
		CE68E44C26102D0500E1000B /* SuccessView.swift in Sources */ = {isa = PBXBuildFile; fileRef = CE68E44B26102D0500E1000B /* SuccessView.swift */; };
		CEA6A8B525F3661D00BA6195 /* StageRealm.swift in Sources */ = {isa = PBXBuildFile; fileRef = CEA6A8B425F3661D00BA6195 /* StageRealm.swift */; };
		CEBFAC2A25F8A63D00964898 /* MainViewController.swift in Sources */ = {isa = PBXBuildFile; fileRef = CEBFAC2925F8A63D00964898 /* MainViewController.swift */; };
		CEBFAC2D25F8A64A00964898 /* Main.storyboard in Resources */ = {isa = PBXBuildFile; fileRef = CEBFAC2C25F8A64A00964898 /* Main.storyboard */; };
		CEBFAC3625F8EEC300964898 /* StageViewController.swift in Sources */ = {isa = PBXBuildFile; fileRef = CEBFAC3525F8EEC300964898 /* StageViewController.swift */; };
		CEDCC5F025D76F2F008D8044 /* Stage.storyboard in Resources */ = {isa = PBXBuildFile; fileRef = CEDCC5EF25D76F2F008D8044 /* Stage.storyboard */; };
		CEDCC63325D812BF008D8044 /* StageCell.swift in Sources */ = {isa = PBXBuildFile; fileRef = CEDCC63225D812BF008D8044 /* StageCell.swift */; };
		CEEBB83525CACDEE00CFFAF4 /* Game.storyboard in Resources */ = {isa = PBXBuildFile; fileRef = CEEBB83425CACDEE00CFFAF4 /* Game.storyboard */; };
		CEEBB83925CAF1D500CFFAF4 /* TileCell.swift in Sources */ = {isa = PBXBuildFile; fileRef = CEEBB83825CAF1D500CFFAF4 /* TileCell.swift */; };
		D41101CD2AE203CF00D70BC5 /* AlertManager.swift in Sources */ = {isa = PBXBuildFile; fileRef = D41101CC2AE203CF00D70BC5 /* AlertManager.swift */; };
		D42133CF2AAF2DAB00780609 /* RewardedAdManager.swift in Sources */ = {isa = PBXBuildFile; fileRef = D42133CE2AAF2DAB00780609 /* RewardedAdManager.swift */; };
		D439C3452A9C3DB200FF8B48 /* AdSupport.framework in Frameworks */ = {isa = PBXBuildFile; fileRef = D439C3442A9C3DB200FF8B48 /* AdSupport.framework */; };
		D439C3482A9C81BC00FF8B48 /* FirebaseAnalytics in Frameworks */ = {isa = PBXBuildFile; productRef = D439C3472A9C81BC00FF8B48 /* FirebaseAnalytics */; };
		D439C34A2A9C81BC00FF8B48 /* FirebaseAnalyticsOnDeviceConversion in Frameworks */ = {isa = PBXBuildFile; productRef = D439C3492A9C81BC00FF8B48 /* FirebaseAnalyticsOnDeviceConversion */; };
		D439C34C2A9C81BC00FF8B48 /* FirebaseAnalyticsSwift in Frameworks */ = {isa = PBXBuildFile; productRef = D439C34B2A9C81BC00FF8B48 /* FirebaseAnalyticsSwift */; };
		D439C34E2A9C81BC00FF8B48 /* FirebaseAnalyticsWithoutAdIdSupport in Frameworks */ = {isa = PBXBuildFile; productRef = D439C34D2A9C81BC00FF8B48 /* FirebaseAnalyticsWithoutAdIdSupport */; };
		D439C3502A9CA4BD00FF8B48 /* GoogleService-Info.plist in Resources */ = {isa = PBXBuildFile; fileRef = D439C34F2A9CA4BD00FF8B48 /* GoogleService-Info.plist */; };
		D439C3522A9CA4EE00FF8B48 /* FirebaseAuth in Frameworks */ = {isa = PBXBuildFile; productRef = D439C3512A9CA4EE00FF8B48 /* FirebaseAuth */; };
		D47156722AB1F7A3008A9D19 /* LeaderboardManager.swift in Sources */ = {isa = PBXBuildFile; fileRef = D47156712AB1F7A3008A9D19 /* LeaderboardManager.swift */; };
		D4D6605A2A9CD06D00730B6D /* LogManager.swift in Sources */ = {isa = PBXBuildFile; fileRef = D4D660592A9CD06D00730B6D /* LogManager.swift */; };
		D4D660602A9F2BD500730B6D /* StageCarouselCell.swift in Sources */ = {isa = PBXBuildFile; fileRef = D4D6605F2A9F2BD500730B6D /* StageCarouselCell.swift */; };
		D4D660622A9F95D900730B6D /* FullScreenAdManager.swift in Sources */ = {isa = PBXBuildFile; fileRef = D4D660612A9F95D900730B6D /* FullScreenAdManager.swift */; };
		D4D660682A9FAC0900730B6D /* RootViewController.swift in Sources */ = {isa = PBXBuildFile; fileRef = D4D660672A9FAC0900730B6D /* RootViewController.swift */; };
/* End PBXBuildFile section */

/* Begin PBXFileReference section */
		4E6F68F426007C670085FC49 /* GmarketSansLight.otf */ = {isa = PBXFileReference; lastKnownFileType = file; path = GmarketSansLight.otf; sourceTree = "<group>"; };
		4E6F68F526007C670085FC49 /* GmarketSansBold.otf */ = {isa = PBXFileReference; lastKnownFileType = file; path = GmarketSansBold.otf; sourceTree = "<group>"; };
		4E6F68F626007C670085FC49 /* GmarketSansMedium.otf */ = {isa = PBXFileReference; lastKnownFileType = file; path = GmarketSansMedium.otf; sourceTree = "<group>"; };
		4EC2E38D25FCB79D00AFCF85 /* HowToViewController.swift */ = {isa = PBXFileReference; lastKnownFileType = sourcecode.swift; path = HowToViewController.swift; sourceTree = "<group>"; };
		4EC2E39025FCB7A800AFCF85 /* HowTo.storyboard */ = {isa = PBXFileReference; lastKnownFileType = file.storyboard; path = HowTo.storyboard; sourceTree = "<group>"; };
		A8CF7D0EB41F3E8948BB2E7D /* Pods-GyeolHap.release.xcconfig */ = {isa = PBXFileReference; includeInIndex = 1; lastKnownFileType = text.xcconfig; name = "Pods-GyeolHap.release.xcconfig"; path = "Target Support Files/Pods-GyeolHap/Pods-GyeolHap.release.xcconfig"; sourceTree = "<group>"; };
		CE16E3B225E52FB600EE07DC /* AnswerCell.swift */ = {isa = PBXFileReference; lastKnownFileType = sourcecode.swift; path = AnswerCell.swift; sourceTree = "<group>"; };
		CE20A6972590DC0C00F47DC8 /* GyeolHap.app */ = {isa = PBXFileReference; explicitFileType = wrapper.application; includeInIndex = 0; path = GyeolHap.app; sourceTree = BUILT_PRODUCTS_DIR; };
		CE20A69A2590DC0C00F47DC8 /* AppDelegate.swift */ = {isa = PBXFileReference; lastKnownFileType = sourcecode.swift; path = AppDelegate.swift; sourceTree = "<group>"; };
		CE20A69C2590DC0C00F47DC8 /* SceneDelegate.swift */ = {isa = PBXFileReference; lastKnownFileType = sourcecode.swift; path = SceneDelegate.swift; sourceTree = "<group>"; };
		CE20A6A32590DC0F00F47DC8 /* Assets.xcassets */ = {isa = PBXFileReference; lastKnownFileType = folder.assetcatalog; path = Assets.xcassets; sourceTree = "<group>"; };
		CE20A6A62590DC0F00F47DC8 /* Base */ = {isa = PBXFileReference; lastKnownFileType = file.storyboard; name = Base; path = Base.lproj/LaunchScreen.storyboard; sourceTree = "<group>"; };
		CE20A6A82590DC0F00F47DC8 /* Info.plist */ = {isa = PBXFileReference; lastKnownFileType = text.plist.xml; path = Info.plist; sourceTree = "<group>"; };
		CE3343E225CAC91200D1954E /* GameViewController.swift */ = {isa = PBXFileReference; lastKnownFileType = sourcecode.swift; path = GameViewController.swift; sourceTree = "<group>"; };
		CE34260625DA8DB700E2A62B /* GameManager.swift */ = {isa = PBXFileReference; lastKnownFileType = sourcecode.swift; path = GameManager.swift; sourceTree = "<group>"; };
		CE68E44B26102D0500E1000B /* SuccessView.swift */ = {isa = PBXFileReference; lastKnownFileType = sourcecode.swift; path = SuccessView.swift; sourceTree = "<group>"; };
		CEA6A8B425F3661D00BA6195 /* StageRealm.swift */ = {isa = PBXFileReference; lastKnownFileType = sourcecode.swift; path = StageRealm.swift; sourceTree = "<group>"; };
		CEBFAC2925F8A63D00964898 /* MainViewController.swift */ = {isa = PBXFileReference; lastKnownFileType = sourcecode.swift; path = MainViewController.swift; sourceTree = "<group>"; };
		CEBFAC2C25F8A64A00964898 /* Main.storyboard */ = {isa = PBXFileReference; lastKnownFileType = file.storyboard; path = Main.storyboard; sourceTree = "<group>"; };
		CEBFAC3525F8EEC300964898 /* StageViewController.swift */ = {isa = PBXFileReference; lastKnownFileType = sourcecode.swift; path = StageViewController.swift; sourceTree = "<group>"; };
		CEDCC5EF25D76F2F008D8044 /* Stage.storyboard */ = {isa = PBXFileReference; lastKnownFileType = file.storyboard; path = Stage.storyboard; sourceTree = "<group>"; };
		CEDCC63225D812BF008D8044 /* StageCell.swift */ = {isa = PBXFileReference; lastKnownFileType = sourcecode.swift; path = StageCell.swift; sourceTree = "<group>"; };
		CEEBB83425CACDEE00CFFAF4 /* Game.storyboard */ = {isa = PBXFileReference; lastKnownFileType = file.storyboard; path = Game.storyboard; sourceTree = "<group>"; };
		CEEBB83825CAF1D500CFFAF4 /* TileCell.swift */ = {isa = PBXFileReference; lastKnownFileType = sourcecode.swift; path = TileCell.swift; sourceTree = "<group>"; };
		D41101CC2AE203CF00D70BC5 /* AlertManager.swift */ = {isa = PBXFileReference; lastKnownFileType = sourcecode.swift; path = AlertManager.swift; sourceTree = "<group>"; };
		D42133CE2AAF2DAB00780609 /* RewardedAdManager.swift */ = {isa = PBXFileReference; lastKnownFileType = sourcecode.swift; path = RewardedAdManager.swift; sourceTree = "<group>"; };
		D439C3442A9C3DB200FF8B48 /* AdSupport.framework */ = {isa = PBXFileReference; lastKnownFileType = wrapper.framework; name = AdSupport.framework; path = System/Library/Frameworks/AdSupport.framework; sourceTree = SDKROOT; };
		D439C34F2A9CA4BD00FF8B48 /* GoogleService-Info.plist */ = {isa = PBXFileReference; fileEncoding = 4; lastKnownFileType = text.plist.xml; path = "GoogleService-Info.plist"; sourceTree = "<group>"; };
		D47156712AB1F7A3008A9D19 /* LeaderboardManager.swift */ = {isa = PBXFileReference; lastKnownFileType = sourcecode.swift; path = LeaderboardManager.swift; sourceTree = "<group>"; };
		D4D660592A9CD06D00730B6D /* LogManager.swift */ = {isa = PBXFileReference; lastKnownFileType = sourcecode.swift; path = LogManager.swift; sourceTree = "<group>"; };
		D4D6605E2A9F1C4000730B6D /* GyeolHap.entitlements */ = {isa = PBXFileReference; lastKnownFileType = text.plist.entitlements; path = GyeolHap.entitlements; sourceTree = "<group>"; };
		D4D6605F2A9F2BD500730B6D /* StageCarouselCell.swift */ = {isa = PBXFileReference; lastKnownFileType = sourcecode.swift; path = StageCarouselCell.swift; sourceTree = "<group>"; };
		D4D660612A9F95D900730B6D /* FullScreenAdManager.swift */ = {isa = PBXFileReference; lastKnownFileType = sourcecode.swift; path = FullScreenAdManager.swift; sourceTree = "<group>"; };
		D4D660672A9FAC0900730B6D /* RootViewController.swift */ = {isa = PBXFileReference; lastKnownFileType = sourcecode.swift; path = RootViewController.swift; sourceTree = "<group>"; };
		E7196D71813608852F438CB3 /* Pods_GyeolHap.framework */ = {isa = PBXFileReference; explicitFileType = wrapper.framework; includeInIndex = 0; path = Pods_GyeolHap.framework; sourceTree = BUILT_PRODUCTS_DIR; };
		FC865E1CA6C09AF3C40BA2A4 /* Pods-GyeolHap.debug.xcconfig */ = {isa = PBXFileReference; includeInIndex = 1; lastKnownFileType = text.xcconfig; name = "Pods-GyeolHap.debug.xcconfig"; path = "Target Support Files/Pods-GyeolHap/Pods-GyeolHap.debug.xcconfig"; sourceTree = "<group>"; };
/* End PBXFileReference section */

/* Begin PBXFrameworksBuildPhase section */
		CE20A6942590DC0C00F47DC8 /* Frameworks */ = {
			isa = PBXFrameworksBuildPhase;
			buildActionMask = 2147483647;
			files = (
				147035A58C0559E600A4B3B7 /* Pods_GyeolHap.framework in Frameworks */,
				D439C34E2A9C81BC00FF8B48 /* FirebaseAnalyticsWithoutAdIdSupport in Frameworks */,
				D439C3452A9C3DB200FF8B48 /* AdSupport.framework in Frameworks */,
				D439C3482A9C81BC00FF8B48 /* FirebaseAnalytics in Frameworks */,
				D439C34A2A9C81BC00FF8B48 /* FirebaseAnalyticsOnDeviceConversion in Frameworks */,
				D439C3522A9CA4EE00FF8B48 /* FirebaseAuth in Frameworks */,
				D439C34C2A9C81BC00FF8B48 /* FirebaseAnalyticsSwift in Frameworks */,
			);
			runOnlyForDeploymentPostprocessing = 0;
		};
/* End PBXFrameworksBuildPhase section */

/* Begin PBXGroup section */
		0D1A16035C8EBDFBAD917744 /* Pods */ = {
			isa = PBXGroup;
			children = (
				FC865E1CA6C09AF3C40BA2A4 /* Pods-GyeolHap.debug.xcconfig */,
				A8CF7D0EB41F3E8948BB2E7D /* Pods-GyeolHap.release.xcconfig */,
			);
			path = Pods;
			sourceTree = "<group>";
		};
		4E6F68FB26007C760085FC49 /* fonts */ = {
			isa = PBXGroup;
			children = (
				4E6F68F526007C670085FC49 /* GmarketSansBold.otf */,
				4E6F68F426007C670085FC49 /* GmarketSansLight.otf */,
				4E6F68F626007C670085FC49 /* GmarketSansMedium.otf */,
			);
			path = fonts;
			sourceTree = "<group>";
		};
		4E7CD62F25FB36FC0075F7FC /* HowToScreen */ = {
			isa = PBXGroup;
			children = (
				4EC2E38D25FCB79D00AFCF85 /* HowToViewController.swift */,
				4EC2E39025FCB7A800AFCF85 /* HowTo.storyboard */,
			);
			path = HowToScreen;
			sourceTree = "<group>";
		};
		CE20A68E2590DC0C00F47DC8 = {
			isa = PBXGroup;
			children = (
				D4D6605E2A9F1C4000730B6D /* GyeolHap.entitlements */,
				D439C34F2A9CA4BD00FF8B48 /* GoogleService-Info.plist */,
				CE20A6992590DC0C00F47DC8 /* GyoelHap */,
				CE20A6982590DC0C00F47DC8 /* Products */,
				0D1A16035C8EBDFBAD917744 /* Pods */,
				E33BB5863235E33A298C2190 /* Frameworks */,
			);
			sourceTree = "<group>";
		};
		CE20A6982590DC0C00F47DC8 /* Products */ = {
			isa = PBXGroup;
			children = (
				CE20A6972590DC0C00F47DC8 /* GyeolHap.app */,
			);
			name = Products;
			sourceTree = "<group>";
		};
		CE20A6992590DC0C00F47DC8 /* GyoelHap */ = {
			isa = PBXGroup;
			children = (
				D4D6605B2A9F1B9B00730B6D /* Utility */,
				4E6F68FB26007C760085FC49 /* fonts */,
				CEBFAC2F25F8A65100964898 /* MainScreen */,
				4E7CD62F25FB36FC0075F7FC /* HowToScreen */,
				CEDCC5F325D772E6008D8044 /* StageScreen */,
				CEEBB84425D3A55F00CFFAF4 /* GameScreen */,
				CEEBB84325D3A55600CFFAF4 /* Stage */,
				CE20A69A2590DC0C00F47DC8 /* AppDelegate.swift */,
				CE20A69C2590DC0C00F47DC8 /* SceneDelegate.swift */,
				CE20A6A32590DC0F00F47DC8 /* Assets.xcassets */,
				CE20A6A52590DC0F00F47DC8 /* LaunchScreen.storyboard */,
				CE20A6A82590DC0F00F47DC8 /* Info.plist */,
				D4D660672A9FAC0900730B6D /* RootViewController.swift */,
			);
			path = GyoelHap;
			sourceTree = "<group>";
		};
		CEBFAC2F25F8A65100964898 /* MainScreen */ = {
			isa = PBXGroup;
			children = (
				CEBFAC2925F8A63D00964898 /* MainViewController.swift */,
				CEBFAC2C25F8A64A00964898 /* Main.storyboard */,
			);
			path = MainScreen;
			sourceTree = "<group>";
		};
		CEDCC5F325D772E6008D8044 /* StageScreen */ = {
			isa = PBXGroup;
			children = (
				CEBFAC3525F8EEC300964898 /* StageViewController.swift */,
				D4D6605F2A9F2BD500730B6D /* StageCarouselCell.swift */,
				CEDCC63225D812BF008D8044 /* StageCell.swift */,
				CEDCC5EF25D76F2F008D8044 /* Stage.storyboard */,
			);
			path = StageScreen;
			sourceTree = "<group>";
		};
		CEEBB84325D3A55600CFFAF4 /* Stage */ = {
			isa = PBXGroup;
			children = (
				CEA6A8B425F3661D00BA6195 /* StageRealm.swift */,
			);
			path = Stage;
			sourceTree = "<group>";
		};
		CEEBB84425D3A55F00CFFAF4 /* GameScreen */ = {
			isa = PBXGroup;
			children = (
				CE3343E225CAC91200D1954E /* GameViewController.swift */,
				CE68E44B26102D0500E1000B /* SuccessView.swift */,
				CEEBB83825CAF1D500CFFAF4 /* TileCell.swift */,
				CE16E3B225E52FB600EE07DC /* AnswerCell.swift */,
				CE34260625DA8DB700E2A62B /* GameManager.swift */,
				CEEBB83425CACDEE00CFFAF4 /* Game.storyboard */,
			);
			path = GameScreen;
			sourceTree = "<group>";
		};
		D4D6605B2A9F1B9B00730B6D /* Utility */ = {
			isa = PBXGroup;
			children = (
				D4D660592A9CD06D00730B6D /* LogManager.swift */,
				D4D660612A9F95D900730B6D /* FullScreenAdManager.swift */,
				D42133CE2AAF2DAB00780609 /* RewardedAdManager.swift */,
				D47156712AB1F7A3008A9D19 /* LeaderboardManager.swift */,
				D41101CC2AE203CF00D70BC5 /* AlertManager.swift */,
			);
			path = Utility;
			sourceTree = "<group>";
		};
		E33BB5863235E33A298C2190 /* Frameworks */ = {
			isa = PBXGroup;
			children = (
				D439C3442A9C3DB200FF8B48 /* AdSupport.framework */,
				E7196D71813608852F438CB3 /* Pods_GyeolHap.framework */,
			);
			name = Frameworks;
			sourceTree = "<group>";
		};
/* End PBXGroup section */

/* Begin PBXNativeTarget section */
		CE20A6962590DC0C00F47DC8 /* GyeolHap */ = {
			isa = PBXNativeTarget;
			buildConfigurationList = CE20A6AB2590DC0F00F47DC8 /* Build configuration list for PBXNativeTarget "GyeolHap" */;
			buildPhases = (
				B5C85C8D2598D7A6C3AC7A6B /* [CP] Check Pods Manifest.lock */,
				CE20A6932590DC0C00F47DC8 /* Sources */,
				CE20A6942590DC0C00F47DC8 /* Frameworks */,
				CE20A6952590DC0C00F47DC8 /* Resources */,
				6D25F1ECC703D3A572BB1DC7 /* [CP] Embed Pods Frameworks */,
			);
			buildRules = (
			);
			dependencies = (
			);
			name = GyeolHap;
			packageProductDependencies = (
				D439C3472A9C81BC00FF8B48 /* FirebaseAnalytics */,
				D439C3492A9C81BC00FF8B48 /* FirebaseAnalyticsOnDeviceConversion */,
				D439C34B2A9C81BC00FF8B48 /* FirebaseAnalyticsSwift */,
				D439C34D2A9C81BC00FF8B48 /* FirebaseAnalyticsWithoutAdIdSupport */,
				D439C3512A9CA4EE00FF8B48 /* FirebaseAuth */,
			);
			productName = GyoelHap;
			productReference = CE20A6972590DC0C00F47DC8 /* GyeolHap.app */;
			productType = "com.apple.product-type.application";
		};
/* End PBXNativeTarget section */

/* Begin PBXProject section */
		CE20A68F2590DC0C00F47DC8 /* Project object */ = {
			isa = PBXProject;
			attributes = {
				LastSwiftUpdateCheck = 1220;
				LastUpgradeCheck = 1220;
				TargetAttributes = {
					CE20A6962590DC0C00F47DC8 = {
						CreatedOnToolsVersion = 12.2;
					};
				};
			};
			buildConfigurationList = CE20A6922590DC0C00F47DC8 /* Build configuration list for PBXProject "GyoelHap" */;
			compatibilityVersion = "Xcode 9.3";
			developmentRegion = en;
			hasScannedForEncodings = 0;
			knownRegions = (
				en,
				Base,
			);
			mainGroup = CE20A68E2590DC0C00F47DC8;
			packageReferences = (
				D439C3462A9C81BC00FF8B48 /* XCRemoteSwiftPackageReference "firebase-ios-sdk" */,
			);
			productRefGroup = CE20A6982590DC0C00F47DC8 /* Products */;
			projectDirPath = "";
			projectRoot = "";
			targets = (
				CE20A6962590DC0C00F47DC8 /* GyeolHap */,
			);
		};
/* End PBXProject section */

/* Begin PBXResourcesBuildPhase section */
		CE20A6952590DC0C00F47DC8 /* Resources */ = {
			isa = PBXResourcesBuildPhase;
			buildActionMask = 2147483647;
			files = (
				CEEBB83525CACDEE00CFFAF4 /* Game.storyboard in Resources */,
				CEBFAC2D25F8A64A00964898 /* Main.storyboard in Resources */,
				4EC2E39125FCB7A800AFCF85 /* HowTo.storyboard in Resources */,
				4E6F68F826007C670085FC49 /* GmarketSansBold.otf in Resources */,
				CE20A6A72590DC0F00F47DC8 /* LaunchScreen.storyboard in Resources */,
				4E6F68F726007C670085FC49 /* GmarketSansLight.otf in Resources */,
				4E6F68F926007C670085FC49 /* GmarketSansMedium.otf in Resources */,
				D439C3502A9CA4BD00FF8B48 /* GoogleService-Info.plist in Resources */,
				CEDCC5F025D76F2F008D8044 /* Stage.storyboard in Resources */,
				CE20A6A42590DC0F00F47DC8 /* Assets.xcassets in Resources */,
			);
			runOnlyForDeploymentPostprocessing = 0;
		};
/* End PBXResourcesBuildPhase section */

/* Begin PBXShellScriptBuildPhase section */
		6D25F1ECC703D3A572BB1DC7 /* [CP] Embed Pods Frameworks */ = {
			isa = PBXShellScriptBuildPhase;
			buildActionMask = 2147483647;
			files = (
			);
			inputFileListPaths = (
				"${PODS_ROOT}/Target Support Files/Pods-GyeolHap/Pods-GyeolHap-frameworks-${CONFIGURATION}-input-files.xcfilelist",
			);
			name = "[CP] Embed Pods Frameworks";
			outputFileListPaths = (
				"${PODS_ROOT}/Target Support Files/Pods-GyeolHap/Pods-GyeolHap-frameworks-${CONFIGURATION}-output-files.xcfilelist",
			);
			runOnlyForDeploymentPostprocessing = 0;
			shellPath = /bin/sh;
			shellScript = "\"${PODS_ROOT}/Target Support Files/Pods-GyeolHap/Pods-GyeolHap-frameworks.sh\"\n";
			showEnvVarsInLog = 0;
		};
		B5C85C8D2598D7A6C3AC7A6B /* [CP] Check Pods Manifest.lock */ = {
			isa = PBXShellScriptBuildPhase;
			buildActionMask = 2147483647;
			files = (
			);
			inputFileListPaths = (
			);
			inputPaths = (
				"${PODS_PODFILE_DIR_PATH}/Podfile.lock",
				"${PODS_ROOT}/Manifest.lock",
			);
			name = "[CP] Check Pods Manifest.lock";
			outputFileListPaths = (
			);
			outputPaths = (
				"$(DERIVED_FILE_DIR)/Pods-GyeolHap-checkManifestLockResult.txt",
			);
			runOnlyForDeploymentPostprocessing = 0;
			shellPath = /bin/sh;
			shellScript = "diff \"${PODS_PODFILE_DIR_PATH}/Podfile.lock\" \"${PODS_ROOT}/Manifest.lock\" > /dev/null\nif [ $? != 0 ] ; then\n    # print error to STDERR\n    echo \"error: The sandbox is not in sync with the Podfile.lock. Run 'pod install' or update your CocoaPods installation.\" >&2\n    exit 1\nfi\n# This output is used by Xcode 'outputs' to avoid re-running this script phase.\necho \"SUCCESS\" > \"${SCRIPT_OUTPUT_FILE_0}\"\n";
			showEnvVarsInLog = 0;
		};
/* End PBXShellScriptBuildPhase section */

/* Begin PBXSourcesBuildPhase section */
		CE20A6932590DC0C00F47DC8 /* Sources */ = {
			isa = PBXSourcesBuildPhase;
			buildActionMask = 2147483647;
			files = (
				D4D660622A9F95D900730B6D /* FullScreenAdManager.swift in Sources */,
				4EC2E38E25FCB79D00AFCF85 /* HowToViewController.swift in Sources */,
				D4D660682A9FAC0900730B6D /* RootViewController.swift in Sources */,
				CEEBB83925CAF1D500CFFAF4 /* TileCell.swift in Sources */,
				D4D6605A2A9CD06D00730B6D /* LogManager.swift in Sources */,
				CE16E3B325E52FB600EE07DC /* AnswerCell.swift in Sources */,
				D42133CF2AAF2DAB00780609 /* RewardedAdManager.swift in Sources */,
				CE3343E325CAC91200D1954E /* GameViewController.swift in Sources */,
				CE68E44C26102D0500E1000B /* SuccessView.swift in Sources */,
				CE20A69B2590DC0C00F47DC8 /* AppDelegate.swift in Sources */,
				D41101CD2AE203CF00D70BC5 /* AlertManager.swift in Sources */,
				CEA6A8B525F3661D00BA6195 /* StageRealm.swift in Sources */,
				CEBFAC3625F8EEC300964898 /* StageViewController.swift in Sources */,
				CEDCC63325D812BF008D8044 /* StageCell.swift in Sources */,
				CE20A69D2590DC0C00F47DC8 /* SceneDelegate.swift in Sources */,
				CE34260725DA8DB700E2A62B /* GameManager.swift in Sources */,
				CEBFAC2A25F8A63D00964898 /* MainViewController.swift in Sources */,
				D4D660602A9F2BD500730B6D /* StageCarouselCell.swift in Sources */,
				D47156722AB1F7A3008A9D19 /* LeaderboardManager.swift in Sources */,
			);
			runOnlyForDeploymentPostprocessing = 0;
		};
/* End PBXSourcesBuildPhase section */

/* Begin PBXVariantGroup section */
		CE20A6A52590DC0F00F47DC8 /* LaunchScreen.storyboard */ = {
			isa = PBXVariantGroup;
			children = (
				CE20A6A62590DC0F00F47DC8 /* Base */,
			);
			name = LaunchScreen.storyboard;
			sourceTree = "<group>";
		};
/* End PBXVariantGroup section */

/* Begin XCBuildConfiguration section */
		CE20A6A92590DC0F00F47DC8 /* Debug */ = {
			isa = XCBuildConfiguration;
			buildSettings = {
				ALWAYS_SEARCH_USER_PATHS = NO;
				CLANG_ANALYZER_NONNULL = YES;
				CLANG_ANALYZER_NUMBER_OBJECT_CONVERSION = YES_AGGRESSIVE;
				CLANG_CXX_LANGUAGE_STANDARD = "gnu++14";
				CLANG_CXX_LIBRARY = "libc++";
				CLANG_ENABLE_MODULES = YES;
				CLANG_ENABLE_OBJC_ARC = YES;
				CLANG_ENABLE_OBJC_WEAK = YES;
				CLANG_WARN_BLOCK_CAPTURE_AUTORELEASING = YES;
				CLANG_WARN_BOOL_CONVERSION = YES;
				CLANG_WARN_COMMA = YES;
				CLANG_WARN_CONSTANT_CONVERSION = YES;
				CLANG_WARN_DEPRECATED_OBJC_IMPLEMENTATIONS = YES;
				CLANG_WARN_DIRECT_OBJC_ISA_USAGE = YES_ERROR;
				CLANG_WARN_DOCUMENTATION_COMMENTS = YES;
				CLANG_WARN_EMPTY_BODY = YES;
				CLANG_WARN_ENUM_CONVERSION = YES;
				CLANG_WARN_INFINITE_RECURSION = YES;
				CLANG_WARN_INT_CONVERSION = YES;
				CLANG_WARN_NON_LITERAL_NULL_CONVERSION = YES;
				CLANG_WARN_OBJC_IMPLICIT_RETAIN_SELF = YES;
				CLANG_WARN_OBJC_LITERAL_CONVERSION = YES;
				CLANG_WARN_OBJC_ROOT_CLASS = YES_ERROR;
				CLANG_WARN_QUOTED_INCLUDE_IN_FRAMEWORK_HEADER = YES;
				CLANG_WARN_RANGE_LOOP_ANALYSIS = YES;
				CLANG_WARN_STRICT_PROTOTYPES = YES;
				CLANG_WARN_SUSPICIOUS_MOVE = YES;
				CLANG_WARN_UNGUARDED_AVAILABILITY = YES_AGGRESSIVE;
				CLANG_WARN_UNREACHABLE_CODE = YES;
				CLANG_WARN__DUPLICATE_METHOD_MATCH = YES;
				COPY_PHASE_STRIP = NO;
				DEBUG_INFORMATION_FORMAT = dwarf;
				ENABLE_STRICT_OBJC_MSGSEND = YES;
				ENABLE_TESTABILITY = YES;
				GCC_C_LANGUAGE_STANDARD = gnu11;
				GCC_DYNAMIC_NO_PIC = NO;
				GCC_NO_COMMON_BLOCKS = YES;
				GCC_OPTIMIZATION_LEVEL = 0;
				GCC_PREPROCESSOR_DEFINITIONS = (
					"DEBUG=1",
					"$(inherited)",
				);
				GCC_WARN_64_TO_32_BIT_CONVERSION = YES;
				GCC_WARN_ABOUT_RETURN_TYPE = YES_ERROR;
				GCC_WARN_UNDECLARED_SELECTOR = YES;
				GCC_WARN_UNINITIALIZED_AUTOS = YES_AGGRESSIVE;
				GCC_WARN_UNUSED_FUNCTION = YES;
				GCC_WARN_UNUSED_VARIABLE = YES;
				IPHONEOS_DEPLOYMENT_TARGET = 14.2;
				MTL_ENABLE_DEBUG_INFO = INCLUDE_SOURCE;
				MTL_FAST_MATH = YES;
				ONLY_ACTIVE_ARCH = YES;
				SDKROOT = iphoneos;
				SWIFT_ACTIVE_COMPILATION_CONDITIONS = DEBUG;
				SWIFT_OPTIMIZATION_LEVEL = "-Onone";
			};
			name = Debug;
		};
		CE20A6AA2590DC0F00F47DC8 /* Release */ = {
			isa = XCBuildConfiguration;
			buildSettings = {
				ALWAYS_SEARCH_USER_PATHS = NO;
				CLANG_ANALYZER_NONNULL = YES;
				CLANG_ANALYZER_NUMBER_OBJECT_CONVERSION = YES_AGGRESSIVE;
				CLANG_CXX_LANGUAGE_STANDARD = "gnu++14";
				CLANG_CXX_LIBRARY = "libc++";
				CLANG_ENABLE_MODULES = YES;
				CLANG_ENABLE_OBJC_ARC = YES;
				CLANG_ENABLE_OBJC_WEAK = YES;
				CLANG_WARN_BLOCK_CAPTURE_AUTORELEASING = YES;
				CLANG_WARN_BOOL_CONVERSION = YES;
				CLANG_WARN_COMMA = YES;
				CLANG_WARN_CONSTANT_CONVERSION = YES;
				CLANG_WARN_DEPRECATED_OBJC_IMPLEMENTATIONS = YES;
				CLANG_WARN_DIRECT_OBJC_ISA_USAGE = YES_ERROR;
				CLANG_WARN_DOCUMENTATION_COMMENTS = YES;
				CLANG_WARN_EMPTY_BODY = YES;
				CLANG_WARN_ENUM_CONVERSION = YES;
				CLANG_WARN_INFINITE_RECURSION = YES;
				CLANG_WARN_INT_CONVERSION = YES;
				CLANG_WARN_NON_LITERAL_NULL_CONVERSION = YES;
				CLANG_WARN_OBJC_IMPLICIT_RETAIN_SELF = YES;
				CLANG_WARN_OBJC_LITERAL_CONVERSION = YES;
				CLANG_WARN_OBJC_ROOT_CLASS = YES_ERROR;
				CLANG_WARN_QUOTED_INCLUDE_IN_FRAMEWORK_HEADER = YES;
				CLANG_WARN_RANGE_LOOP_ANALYSIS = YES;
				CLANG_WARN_STRICT_PROTOTYPES = YES;
				CLANG_WARN_SUSPICIOUS_MOVE = YES;
				CLANG_WARN_UNGUARDED_AVAILABILITY = YES_AGGRESSIVE;
				CLANG_WARN_UNREACHABLE_CODE = YES;
				CLANG_WARN__DUPLICATE_METHOD_MATCH = YES;
				COPY_PHASE_STRIP = NO;
				DEBUG_INFORMATION_FORMAT = "dwarf-with-dsym";
				ENABLE_NS_ASSERTIONS = NO;
				ENABLE_STRICT_OBJC_MSGSEND = YES;
				GCC_C_LANGUAGE_STANDARD = gnu11;
				GCC_NO_COMMON_BLOCKS = YES;
				GCC_WARN_64_TO_32_BIT_CONVERSION = YES;
				GCC_WARN_ABOUT_RETURN_TYPE = YES_ERROR;
				GCC_WARN_UNDECLARED_SELECTOR = YES;
				GCC_WARN_UNINITIALIZED_AUTOS = YES_AGGRESSIVE;
				GCC_WARN_UNUSED_FUNCTION = YES;
				GCC_WARN_UNUSED_VARIABLE = YES;
				IPHONEOS_DEPLOYMENT_TARGET = 14.2;
				MTL_ENABLE_DEBUG_INFO = NO;
				MTL_FAST_MATH = YES;
				SDKROOT = iphoneos;
				SWIFT_COMPILATION_MODE = wholemodule;
				SWIFT_OPTIMIZATION_LEVEL = "-O";
				VALIDATE_PRODUCT = YES;
			};
			name = Release;
		};
		CE20A6AC2590DC0F00F47DC8 /* Debug */ = {
			isa = XCBuildConfiguration;
			baseConfigurationReference = FC865E1CA6C09AF3C40BA2A4 /* Pods-GyeolHap.debug.xcconfig */;
			buildSettings = {
				ASSETCATALOG_COMPILER_APPICON_NAME = AppIcon;
				ASSETCATALOG_COMPILER_GLOBAL_ACCENT_COLOR_NAME = AccentColor;
				CODE_SIGN_ENTITLEMENTS = GyeolHap.entitlements;
				CODE_SIGN_STYLE = Automatic;
				CURRENT_PROJECT_VERSION = 4;
				DEVELOPMENT_TEAM = 5D5SG6DZA9;
				INFOPLIST_FILE = GyoelHap/Info.plist;
				INFOPLIST_KEY_LSApplicationCategoryType = "public.app-category.puzzle-games";
				LD_RUNPATH_SEARCH_PATHS = (
					"$(inherited)",
					"@executable_path/Frameworks",
				);
				MARKETING_VERSION = 1.1.1;
				PRODUCT_BUNDLE_IDENTIFIER = com.taelee.GyeolHapTomKido;
				PRODUCT_NAME = "$(TARGET_NAME)";
				SWIFT_VERSION = 5.0;
				TARGETED_DEVICE_FAMILY = "1,2";
			};
			name = Debug;
		};
		CE20A6AD2590DC0F00F47DC8 /* Release */ = {
			isa = XCBuildConfiguration;
			baseConfigurationReference = A8CF7D0EB41F3E8948BB2E7D /* Pods-GyeolHap.release.xcconfig */;
			buildSettings = {
				ASSETCATALOG_COMPILER_APPICON_NAME = AppIcon;
				ASSETCATALOG_COMPILER_GLOBAL_ACCENT_COLOR_NAME = AccentColor;
				CODE_SIGN_ENTITLEMENTS = GyeolHap.entitlements;
				CODE_SIGN_STYLE = Automatic;
				CURRENT_PROJECT_VERSION = 4;
				DEVELOPMENT_TEAM = 5D5SG6DZA9;
				INFOPLIST_FILE = GyoelHap/Info.plist;
				INFOPLIST_KEY_LSApplicationCategoryType = "public.app-category.puzzle-games";
				LD_RUNPATH_SEARCH_PATHS = (
					"$(inherited)",
					"@executable_path/Frameworks",
				);
				MARKETING_VERSION = 1.1.1;
				PRODUCT_BUNDLE_IDENTIFIER = com.taelee.GyeolHapTomKido;
				PRODUCT_NAME = "$(TARGET_NAME)";
				SWIFT_VERSION = 5.0;
				TARGETED_DEVICE_FAMILY = "1,2";
			};
			name = Release;
		};
/* End XCBuildConfiguration section */

/* Begin XCConfigurationList section */
		CE20A6922590DC0C00F47DC8 /* Build configuration list for PBXProject "GyoelHap" */ = {
			isa = XCConfigurationList;
			buildConfigurations = (
				CE20A6A92590DC0F00F47DC8 /* Debug */,
				CE20A6AA2590DC0F00F47DC8 /* Release */,
			);
			defaultConfigurationIsVisible = 0;
			defaultConfigurationName = Release;
		};
		CE20A6AB2590DC0F00F47DC8 /* Build configuration list for PBXNativeTarget "GyeolHap" */ = {
			isa = XCConfigurationList;
			buildConfigurations = (
				CE20A6AC2590DC0F00F47DC8 /* Debug */,
				CE20A6AD2590DC0F00F47DC8 /* Release */,
			);
			defaultConfigurationIsVisible = 0;
			defaultConfigurationName = Release;
		};
/* End XCConfigurationList section */

/* Begin XCRemoteSwiftPackageReference section */
		D439C3462A9C81BC00FF8B48 /* XCRemoteSwiftPackageReference "firebase-ios-sdk" */ = {
			isa = XCRemoteSwiftPackageReference;
			repositoryURL = "https://github.com/firebase/firebase-ios-sdk";
			requirement = {
				kind = upToNextMajorVersion;
				minimumVersion = 9.0.0;
			};
		};
/* End XCRemoteSwiftPackageReference section */

/* Begin XCSwiftPackageProductDependency section */
		D439C3472A9C81BC00FF8B48 /* FirebaseAnalytics */ = {
			isa = XCSwiftPackageProductDependency;
			package = D439C3462A9C81BC00FF8B48 /* XCRemoteSwiftPackageReference "firebase-ios-sdk" */;
			productName = FirebaseAnalytics;
		};
		D439C3492A9C81BC00FF8B48 /* FirebaseAnalyticsOnDeviceConversion */ = {
			isa = XCSwiftPackageProductDependency;
			package = D439C3462A9C81BC00FF8B48 /* XCRemoteSwiftPackageReference "firebase-ios-sdk" */;
			productName = FirebaseAnalyticsOnDeviceConversion;
		};
		D439C34B2A9C81BC00FF8B48 /* FirebaseAnalyticsSwift */ = {
			isa = XCSwiftPackageProductDependency;
			package = D439C3462A9C81BC00FF8B48 /* XCRemoteSwiftPackageReference "firebase-ios-sdk" */;
			productName = FirebaseAnalyticsSwift;
		};
		D439C34D2A9C81BC00FF8B48 /* FirebaseAnalyticsWithoutAdIdSupport */ = {
			isa = XCSwiftPackageProductDependency;
			package = D439C3462A9C81BC00FF8B48 /* XCRemoteSwiftPackageReference "firebase-ios-sdk" */;
			productName = FirebaseAnalyticsWithoutAdIdSupport;
		};
		D439C3512A9CA4EE00FF8B48 /* FirebaseAuth */ = {
			isa = XCSwiftPackageProductDependency;
			package = D439C3462A9C81BC00FF8B48 /* XCRemoteSwiftPackageReference "firebase-ios-sdk" */;
			productName = FirebaseAuth;
		};
/* End XCSwiftPackageProductDependency section */
	};
	rootObject = CE20A68F2590DC0C00F47DC8 /* Project object */;
}
